
Microsoft Visual Studio Solution File, Format Version 12.00
# Visual Studio 2012
Project("{FAE04EC0-301F-11D3-BF4B-00C04F79EFBC}") = "thorough.NET", "thorough.NET\thorough.NET.csproj", "{1D68BA34-7806-422E-9312-24095E2F489C}"
EndProject
Project("{FAE04EC0-301F-11D3-BF4B-00C04F79EFBC}") = "thorough.NETtype", "thorough.NETtype\thorough.NETtype.csproj", "{5EF15177-292E-4E6B-9761-1FB3D1927CBC}"
EndProject
Project("{FAE04EC0-301F-11D3-BF4B-00C04F79EFBC}") = "thorought.NET.xiangm", "thorought.NET.xiangm\thorought.NET.xiangm.csproj", "{143246E5-72F1-4C14-9F9D-79EDF27C008C}"
EndProject
Project("{FAE04EC0-301F-11D3-BF4B-00C04F79EFBC}") = "Day_01000", "Day_01000\Day_01000.csproj", "{1E4A3AAC-4157-446F-9C95-08431CAEFC1B}"
EndProject
Project("{FAE04EC0-301F-11D3-BF4B-00C04F79EFBC}") = "checking-inInfo", "checking-inInfo\checking-inInfo.csproj", "{E7483776-A4FF-45E7-852E-B4910F68D6B5}"
EndProject
Project("{FAE04EC0-301F-11D3-BF4B-00C04F79EFBC}") = "TIJAN", "TIJAN\TIJAN.csproj", "{27F439AB-724A-4287-B308-530B17AD7997}"
EndProject
Project("{FAE04EC0-301F-11D3-BF4B-00C04F79EFBC}") = "xml", "04_shangji1\xml.csproj", "{B69757D2-7499-413D-B011-6CE33B1FDAFF}"
EndProject
Project("{FAE04EC0-301F-11D3-BF4B-00C04F79EFBC}") = "04_shangji2", "04_shangji2\04_shangji2.csproj", "{EC50D9B8-679D-4C57-BE4F-1732299220E1}"
EndProject
Project("{FAE04EC0-301F-11D3-BF4B-00C04F79EFBC}") = "Computer test", "Computer test\Computer test.csproj", "{73F4B6A9-AAAA-45CD-B9F8-43BE9620A4FD}"
EndProject
Project("{FAE04EC0-301F-11D3-BF4B-00C04F79EFBC}") = "chapter_1", "chapter_1\chapter_1.csproj", "{6721E7D4-894F-44FA-9D7B-BB6557B2F3FB}"
EndProject
Project("{FAE04EC0-301F-11D3-BF4B-00C04F79EFBC}") = "Day_007001", "Day_007001\Day_007001.csproj", "{6ABF23C7-CCB5-4545-9BC2-EFBAF8F97988}"
EndProject
Project("{FAE04EC0-301F-11D3-BF4B-00C04F79EFBC}") = "Day007_002", "Day\Day007_002.csproj", "{15F2B459-0AEA-4927-8435-3E108364AC46}"
EndProject
Project("{FAE04EC0-301F-11D3-BF4B-00C04F79EFBC}") = "chapter_2", "chapter_2\chapter_2.csproj", "{D508E424-AEB3-496B-A226-FDA62DA692D2}"
EndProject
Project("{FAE04EC0-301F-11D3-BF4B-00C04F79EFBC}") = "Day_007003", "Day_007003\Day_007003.csproj", "{02AE77B8-54F9-4D91-A4B8-75769A824221}"
EndProject
Project("{FAE04EC0-301F-11D3-BF4B-00C04F79EFBC}") = "WindowsFormsControlLibrary1", "WindowsFormsControlLibrary1\WindowsFormsControlLibrary1.csproj", "{E9B3A59D-9101-43D6-B32B-A9EB436E4BB6}"
EndProject
Project("{FAE04EC0-301F-11D3-BF4B-00C04F79EFBC}") = "Day_0010", "Day_0010\Day_0010.csproj", "{80D7311B-CDC7-44E5-B839-5E9AF550E3BE}"
EndProject
Project("{FAE04EC0-301F-11D3-BF4B-00C04F79EFBC}") = "easeplant", "easeplant\easeplant.csproj", "{62C5BA24-F95D-4066-9C78-F1D5C692C10A}"
EndProject
Project("{FAE04EC0-301F-11D3-BF4B-00C04F79EFBC}") = "Plaly", "Plaly\Plaly.csproj", "{DEFE2C80-96BE-4485-BB21-73B2DE7020AF}"
EndProject
Project("{FAE04EC0-301F-11D3-BF4B-00C04F79EFBC}") = "jingling", "jingling\jingling.csproj", "{34E53FE2-74E3-451F-964B-D7FB46ACDD0E}"
EndProject
Project("{FAE04EC0-301F-11D3-BF4B-00C04F79EFBC}") = "NetSpy", "NetSpy\NetSpy.csproj", "{9F503F5D-9B56-4037-9DC3-A1396E0D70AF}"
EndProject
Project("{FAE04EC0-301F-11D3-BF4B-00C04F79EFBC}") = "Cinema ticket", "Cinema ticket\Cinema ticket.csproj", "{DF3035B1-6457-4B5E-8D2D-0D0D62E33974}"
EndProject
Project("{FAE04EC0-301F-11D3-BF4B-00C04F79EFBC}") = "序列化与反序列化", "序列化与反序列化\序列化与反序列化.csproj", "{A6D3EF9A-CDFA-4DAF-95B3-16D4AAD9F106}"
EndProject
Global
	GlobalSection(SolutionConfigurationPlatforms) = preSolution
		Debug|Any CPU = Debug|Any CPU
		Release|Any CPU = Release|Any CPU
	EndGlobalSection
	GlobalSection(ProjectConfigurationPlatforms) = postSolution
		{1D68BA34-7806-422E-9312-24095E2F489C}.Debug|Any CPU.ActiveCfg = Debug|Any CPU
		{1D68BA34-7806-422E-9312-24095E2F489C}.Debug|Any CPU.Build.0 = Debug|Any CPU
		{1D68BA34-7806-422E-9312-24095E2F489C}.Release|Any CPU.ActiveCfg = Release|Any CPU
		{1D68BA34-7806-422E-9312-24095E2F489C}.Release|Any CPU.Build.0 = Release|Any CPU
		{5EF15177-292E-4E6B-9761-1FB3D1927CBC}.Debug|Any CPU.ActiveCfg = Debug|Any CPU
		{5EF15177-292E-4E6B-9761-1FB3D1927CBC}.Debug|Any CPU.Build.0 = Debug|Any CPU
		{5EF15177-292E-4E6B-9761-1FB3D1927CBC}.Release|Any CPU.ActiveCfg = Release|Any CPU
		{5EF15177-292E-4E6B-9761-1FB3D1927CBC}.Release|Any CPU.Build.0 = Release|Any CPU
		{143246E5-72F1-4C14-9F9D-79EDF27C008C}.Debug|Any CPU.ActiveCfg = Debug|Any CPU
		{143246E5-72F1-4C14-9F9D-79EDF27C008C}.Debug|Any CPU.Build.0 = Debug|Any CPU
		{143246E5-72F1-4C14-9F9D-79EDF27C008C}.Release|Any CPU.ActiveCfg = Release|Any CPU
		{143246E5-72F1-4C14-9F9D-79EDF27C008C}.Release|Any CPU.Build.0 = Release|Any CPU
		{1E4A3AAC-4157-446F-9C95-08431CAEFC1B}.Debug|Any CPU.ActiveCfg = Debug|Any CPU
		{1E4A3AAC-4157-446F-9C95-08431CAEFC1B}.Debug|Any CPU.Build.0 = Debug|Any CPU
		{1E4A3AAC-4157-446F-9C95-08431CAEFC1B}.Release|Any CPU.ActiveCfg = Release|Any CPU
		{1E4A3AAC-4157-446F-9C95-08431CAEFC1B}.Release|Any CPU.Build.0 = Release|Any CPU
		{E7483776-A4FF-45E7-852E-B4910F68D6B5}.Debug|Any CPU.ActiveCfg = Debug|Any CPU
		{E7483776-A4FF-45E7-852E-B4910F68D6B5}.Debug|Any CPU.Build.0 = Debug|Any CPU
		{E7483776-A4FF-45E7-852E-B4910F68D6B5}.Release|Any CPU.ActiveCfg = Release|Any CPU
		{E7483776-A4FF-45E7-852E-B4910F68D6B5}.Release|Any CPU.Build.0 = Release|Any CPU
		{27F439AB-724A-4287-B308-530B17AD7997}.Debug|Any CPU.ActiveCfg = Debug|Any CPU
		{27F439AB-724A-4287-B308-530B17AD7997}.Debug|Any CPU.Build.0 = Debug|Any CPU
		{27F439AB-724A-4287-B308-530B17AD7997}.Release|Any CPU.ActiveCfg = Release|Any CPU
		{27F439AB-724A-4287-B308-530B17AD7997}.Release|Any CPU.Build.0 = Release|Any CPU
		{B69757D2-7499-413D-B011-6CE33B1FDAFF}.Debug|Any CPU.ActiveCfg = Debug|Any CPU
		{B69757D2-7499-413D-B011-6CE33B1FDAFF}.Debug|Any CPU.Build.0 = Debug|Any CPU
		{B69757D2-7499-413D-B011-6CE33B1FDAFF}.Release|Any CPU.ActiveCfg = Release|Any CPU
		{B69757D2-7499-413D-B011-6CE33B1FDAFF}.Release|Any CPU.Build.0 = Release|Any CPU
		{EC50D9B8-679D-4C57-BE4F-1732299220E1}.Debug|Any CPU.ActiveCfg = Debug|Any CPU
		{EC50D9B8-679D-4C57-BE4F-1732299220E1}.Debug|Any CPU.Build.0 = Debug|Any CPU
		{EC50D9B8-679D-4C57-BE4F-1732299220E1}.Release|Any CPU.ActiveCfg = Release|Any CPU
		{EC50D9B8-679D-4C57-BE4F-1732299220E1}.Release|Any CPU.Build.0 = Release|Any CPU
		{73F4B6A9-AAAA-45CD-B9F8-43BE9620A4FD}.Debug|Any CPU.ActiveCfg = Debug|Any CPU
		{73F4B6A9-AAAA-45CD-B9F8-43BE9620A4FD}.Debug|Any CPU.Build.0 = Debug|Any CPU
		{73F4B6A9-AAAA-45CD-B9F8-43BE9620A4FD}.Release|Any CPU.ActiveCfg = Release|Any CPU
		{73F4B6A9-AAAA-45CD-B9F8-43BE9620A4FD}.Release|Any CPU.Build.0 = Release|Any CPU
		{6721E7D4-894F-44FA-9D7B-BB6557B2F3FB}.Debug|Any CPU.ActiveCfg = Debug|Any CPU
		{6721E7D4-894F-44FA-9D7B-BB6557B2F3FB}.Debug|Any CPU.Build.0 = Debug|Any CPU
		{6721E7D4-894F-44FA-9D7B-BB6557B2F3FB}.Release|Any CPU.ActiveCfg = Release|Any CPU
		{6721E7D4-894F-44FA-9D7B-BB6557B2F3FB}.Release|Any CPU.Build.0 = Release|Any CPU
		{6ABF23C7-CCB5-4545-9BC2-EFBAF8F97988}.Debug|Any CPU.ActiveCfg = Debug|Any CPU
		{6ABF23C7-CCB5-4545-9BC2-EFBAF8F97988}.Debug|Any CPU.Build.0 = Debug|Any CPU
		{6ABF23C7-CCB5-4545-9BC2-EFBAF8F97988}.Release|Any CPU.ActiveCfg = Release|Any CPU
		{6ABF23C7-CCB5-4545-9BC2-EFBAF8F97988}.Release|Any CPU.Build.0 = Release|Any CPU
		{15F2B459-0AEA-4927-8435-3E108364AC46}.Debug|Any CPU.ActiveCfg = Debug|Any CPU
		{15F2B459-0AEA-4927-8435-3E108364AC46}.Debug|Any CPU.Build.0 = Debug|Any CPU
		{15F2B459-0AEA-4927-8435-3E108364AC46}.Release|Any CPU.ActiveCfg = Release|Any CPU
		{15F2B459-0AEA-4927-8435-3E108364AC46}.Release|Any CPU.Build.0 = Release|Any CPU
		{D508E424-AEB3-496B-A226-FDA62DA692D2}.Debug|Any CPU.ActiveCfg = Debug|Any CPU
		{D508E424-AEB3-496B-A226-FDA62DA692D2}.Debug|Any CPU.Build.0 = Debug|Any CPU
		{D508E424-AEB3-496B-A226-FDA62DA692D2}.Release|Any CPU.ActiveCfg = Release|Any CPU
		{D508E424-AEB3-496B-A226-FDA62DA692D2}.Release|Any CPU.Build.0 = Release|Any CPU
		{02AE77B8-54F9-4D91-A4B8-75769A824221}.Debug|Any CPU.ActiveCfg = Debug|Any CPU
		{02AE77B8-54F9-4D91-A4B8-75769A824221}.Debug|Any CPU.Build.0 = Debug|Any CPU
		{02AE77B8-54F9-4D91-A4B8-75769A824221}.Release|Any CPU.ActiveCfg = Release|Any CPU
		{02AE77B8-54F9-4D91-A4B8-75769A824221}.Release|Any CPU.Build.0 = Release|Any CPU
		{E9B3A59D-9101-43D6-B32B-A9EB436E4BB6}.Debug|Any CPU.ActiveCfg = Debug|Any CPU
		{E9B3A59D-9101-43D6-B32B-A9EB436E4BB6}.Debug|Any CPU.Build.0 = Debug|Any CPU
		{E9B3A59D-9101-43D6-B32B-A9EB436E4BB6}.Release|Any CPU.ActiveCfg = Release|Any CPU
		{E9B3A59D-9101-43D6-B32B-A9EB436E4BB6}.Release|Any CPU.Build.0 = Release|Any CPU
		{80D7311B-CDC7-44E5-B839-5E9AF550E3BE}.Debug|Any CPU.ActiveCfg = Debug|Any CPU
		{80D7311B-CDC7-44E5-B839-5E9AF550E3BE}.Debug|Any CPU.Build.0 = Debug|Any CPU
		{80D7311B-CDC7-44E5-B839-5E9AF550E3BE}.Release|Any CPU.ActiveCfg = Release|Any CPU
		{80D7311B-CDC7-44E5-B839-5E9AF550E3BE}.Release|Any CPU.Build.0 = Release|Any CPU
		{62C5BA24-F95D-4066-9C78-F1D5C692C10A}.Debug|Any CPU.ActiveCfg = Debug|Any CPU
		{62C5BA24-F95D-4066-9C78-F1D5C692C10A}.Debug|Any CPU.Build.0 = Debug|Any CPU
		{62C5BA24-F95D-4066-9C78-F1D5C692C10A}.Release|Any CPU.ActiveCfg = Release|Any CPU
		{62C5BA24-F95D-4066-9C78-F1D5C692C10A}.Release|Any CPU.Build.0 = Release|Any CPU
		{DEFE2C80-96BE-4485-BB21-73B2DE7020AF}.Debug|Any CPU.ActiveCfg = Debug|Any CPU
		{DEFE2C80-96BE-4485-BB21-73B2DE7020AF}.Debug|Any CPU.Build.0 = Debug|Any CPU
		{DEFE2C80-96BE-4485-BB21-73B2DE7020AF}.Release|Any CPU.ActiveCfg = Release|Any CPU
		{DEFE2C80-96BE-4485-BB21-73B2DE7020AF}.Release|Any CPU.Build.0 = Release|Any CPU
		{34E53FE2-74E3-451F-964B-D7FB46ACDD0E}.Debug|Any CPU.ActiveCfg = Debug|Any CPU
		{34E53FE2-74E3-451F-964B-D7FB46ACDD0E}.Debug|Any CPU.Build.0 = Debug|Any CPU
		{34E53FE2-74E3-451F-964B-D7FB46ACDD0E}.Release|Any CPU.ActiveCfg = Release|Any CPU
		{34E53FE2-74E3-451F-964B-D7FB46ACDD0E}.Release|Any CPU.Build.0 = Release|Any CPU
		{9F503F5D-9B56-4037-9DC3-A1396E0D70AF}.Debug|Any CPU.ActiveCfg = Debug|Any CPU
		{9F503F5D-9B56-4037-9DC3-A1396E0D70AF}.Debug|Any CPU.Build.0 = Debug|Any CPU
		{9F503F5D-9B56-4037-9DC3-A1396E0D70AF}.Release|Any CPU.ActiveCfg = Release|Any CPU
		{9F503F5D-9B56-4037-9DC3-A1396E0D70AF}.Release|Any CPU.Build.0 = Release|Any CPU
		{DF3035B1-6457-4B5E-8D2D-0D0D62E33974}.Debug|Any CPU.ActiveCfg = Debug|Any CPU
		{DF3035B1-6457-4B5E-8D2D-0D0D62E33974}.Debug|Any CPU.Build.0 = Debug|Any CPU
		{DF3035B1-6457-4B5E-8D2D-0D0D62E33974}.Release|Any CPU.ActiveCfg = Release|Any CPU
		{DF3035B1-6457-4B5E-8D2D-0D0D62E33974}.Release|Any CPU.Build.0 = Release|Any CPU
		{A6D3EF9A-CDFA-4DAF-95B3-16D4AAD9F106}.Debug|Any CPU.ActiveCfg = Debug|Any CPU
		{A6D3EF9A-CDFA-4DAF-95B3-16D4AAD9F106}.Debug|Any CPU.Build.0 = Debug|Any CPU
		{A6D3EF9A-CDFA-4DAF-95B3-16D4AAD9F106}.Release|Any CPU.ActiveCfg = Release|Any CPU
		{A6D3EF9A-CDFA-4DAF-95B3-16D4AAD9F106}.Release|Any CPU.Build.0 = Release|Any CPU
	EndGlobalSection
	GlobalSection(SolutionProperties) = preSolution
		HideSolutionNode = FALSE
	EndGlobalSection
EndGlobal
