
Microsoft Visual Studio Solution File, Format Version 12.00
# Visual Studio 2012
Project("{FAE04EC0-301F-11D3-BF4B-00C04F79EFBC}") = "TVXmlRead", "TVXmlRead\TVXmlRead.csproj", "{F2730043-41C6-4CB3-9241-B11378DEEF9C}"
EndProject
Global
	GlobalSection(SolutionConfigurationPlatforms) = preSolution
		Debug|Any CPU = Debug|Any CPU
		Release|Any CPU = Release|Any CPU
	EndGlobalSection
	GlobalSection(ProjectConfigurationPlatforms) = postSolution
		{F2730043-41C6-4CB3-9241-B11378DEEF9C}.Debug|Any CPU.ActiveCfg = Debug|Any CPU
		{F2730043-41C6-4CB3-9241-B11378DEEF9C}.Debug|Any CPU.Build.0 = Debug|Any CPU
		{F2730043-41C6-4CB3-9241-B11378DEEF9C}.Release|Any CPU.ActiveCfg = Release|Any CPU
		{F2730043-41C6-4CB3-9241-B11378DEEF9C}.Release|Any CPU.Build.0 = Release|Any CPU
	EndGlobalSection
	GlobalSection(SolutionProperties) = preSolution
		HideSolutionNode = FALSE
	EndGlobalSection
EndGlobal
